<?xml version="1.0" encoding="utf-8"?>
<Project ToolsVersion="4.0" xmlns="http://schemas.microsoft.com/developer/msbuild/2003">
  <ItemGroup>
    <Filter Include="Component">
      <UniqueIdentifier>{F8BD1DB3-6428-D229-AD66-83CF1910B07E}</UniqueIdentifier>
    </Filter>
    <Filter Include="Core">
      <UniqueIdentifier>{2EB4837C-1AEB-840D-C3D7-6A10AFED000F}</UniqueIdentifier>
    </Filter>
    <Filter Include="Core\Types">
      <UniqueIdentifier>{526248CE-3E1A-8A1B-A721-637793F8240C}</UniqueIdentifier>
    </Filter>
    <Filter Include="Debug">
      <UniqueIdentifier>{0C95060D-78A9-2EBE-412B-D21DADFE2AEF}</UniqueIdentifier>
    </Filter>
    <Filter Include="Graphics">
      <UniqueIdentifier>{1653CE33-0220-293F-2B39-17E717655ECD}</UniqueIdentifier>
    </Filter>
    <Filter Include="Math">
      <UniqueIdentifier>{AFF4887C-9B2B-8A0D-4418-7010302E060F}</UniqueIdentifier>
    </Filter>
  </ItemGroup>
  <ItemGroup>
    <ClInclude Include="Source\Camera.h" />
    <ClInclude Include="Source\Component\BoxCollider.h">
      <Filter>Component</Filter>
    </ClInclude>
    <ClInclude Include="Source\Component\Component.h">
      <Filter>Component</Filter>
    </ClInclude>
    <ClInclude Include="Source\Component\ComponentCollider.h">
      <Filter>Component</Filter>
    </ClInclude>
    <ClInclude Include="Source\Component\IComponentRenderer.h">
      <Filter>Component</Filter>
    </ClInclude>
    <ClInclude Include="Source\Component\InputComponent.h">
      <Filter>Component</Filter>
    </ClInclude>
    <ClInclude Include="Source\Component\SpriteRenderer.h">
      <Filter>Component</Filter>
    </ClInclude>
    <ClInclude Include="Source\Core\Core.h">
      <Filter>Core</Filter>
    </ClInclude>
    <ClInclude Include="Source\Core\GameEngine.h">
      <Filter>Core</Filter>
    </ClInclude>
    <ClInclude Include="Source\Core\GameInstance.h">
      <Filter>Core</Filter>
    </ClInclude>
    <ClInclude Include="Source\Core\Types\BasicTypes.h">
      <Filter>Core\Types</Filter>
    </ClInclude>
    <ClInclude Include="Source\Core\Types\Delegate.h">
      <Filter>Core\Types</Filter>
    </ClInclude>
    <ClInclude Include="Source\Core\Types\Matrix.h">
      <Filter>Core\Types</Filter>
    </ClInclude>
    <ClInclude Include="Source\Core\Types\Vector2.h">
      <Filter>Core\Types</Filter>
    </ClInclude>
    <ClInclude Include="Source\Core\Types\Vector3.h">
      <Filter>Core\Types</Filter>
    </ClInclude>
    <ClInclude Include="Source\Debug\Debug.h">
      <Filter>Debug</Filter>
    </ClInclude>
    <ClInclude Include="Source\Debug\_nvwa.h">
      <Filter>Debug</Filter>
    </ClInclude>
    <ClInclude Include="Source\Debug\c++11.h">
      <Filter>Debug</Filter>
    </ClInclude>
    <ClInclude Include="Source\Debug\debug_new.h">
      <Filter>Debug</Filter>
    </ClInclude>
    <ClInclude Include="Source\Debug\fast_mutex.h">
      <Filter>Debug</Filter>
    </ClInclude>
    <ClInclude Include="Source\GameObject.h" />
    <ClInclude Include="Source\Graphics\Graphics.h">
      <Filter>Graphics</Filter>
    </ClInclude>
    <ClInclude Include="Source\Graphics\Shader.h">
      <Filter>Graphics</Filter>
    </ClInclude>
    <ClInclude Include="Source\Graphics\Texture.h">
      <Filter>Graphics</Filter>
    </ClInclude>
    <ClInclude Include="Source\Graphics\Viewport.h">
      <Filter>Graphics</Filter>
    </ClInclude>
    <ClInclude Include="Source\Input.h" />
    <ClInclude Include="Source\Level.h" />
    <ClInclude Include="Source\Math\BMath.h">
      <Filter>Math</Filter>
    </ClInclude>
    <ClInclude Include="Source\PlayerController.h" />
  </ItemGroup>
  <ItemGroup>
    <ClCompile Include="Source\Camera.cpp" />
    <ClCompile Include="Source\Component\BoxCollider.cpp">
      <Filter>Component</Filter>
    </ClCompile>
    <ClCompile Include="Source\Component\Component.cpp">
      <Filter>Component</Filter>
    </ClCompile>
    <ClCompile Include="Source\Component\ComponentCollider.cpp">
      <Filter>Component</Filter>
    </ClCompile>
    <ClCompile Include="Source\Component\InputComponent.cpp">
      <Filter>Component</Filter>
    </ClCompile>
    <ClCompile Include="Source\Component\SpriteRenderer.cpp">
      <Filter>Component</Filter>
    </ClCompile>
    <ClCompile Include="Source\Core\GameEngine.cpp">
      <Filter>Core</Filter>
    </ClCompile>
    <ClCompile Include="Source\Core\GameInstance.cpp">
      <Filter>Core</Filter>
    </ClCompile>
    <ClCompile Include="Source\Core\Types\Vector2.cpp">
      <Filter>Core\Types</Filter>
    </ClCompile>
    <ClCompile Include="Source\Debug\debug_new.cpp">
      <Filter>Debug</Filter>
    </ClCompile>
    <ClCompile Include="Source\GameObject.cpp" />
    <ClCompile Include="Source\Graphics\Graphics.cpp">
      <Filter>Graphics</Filter>
    </ClCompile>
    <ClCompile Include="Source\Graphics\Shader.cpp">
      <Filter>Graphics</Filter>
    </ClCompile>
    <ClCompile Include="Source\Graphics\Texture.cpp">
      <Filter>Graphics</Filter>
    </ClCompile>
    <ClCompile Include="Source\Graphics\Viewport.cpp">
      <Filter>Graphics</Filter>
    </ClCompile>
    <ClCompile Include="Source\Input.cpp" />
    <ClCompile Include="Source\Level.cpp" />
    <ClCompile Include="Source\PlayerController.cpp" />
  </ItemGroup>
</Project>