<?xml version="1.0" encoding="utf-8"?>
<Project ToolsVersion="4.0" xmlns="http://schemas.microsoft.com/developer/msbuild/2003">
  <ItemGroup>
    <Filter Include="Component">
      <UniqueIdentifier>{c38adbe0-fd18-4a33-bd74-e5f221cca8b5}</UniqueIdentifier>
    </Filter>
    <Filter Include="Debug">
      <UniqueIdentifier>{9f32587f-89f9-4731-a8aa-ee59bd3260bc}</UniqueIdentifier>
    </Filter>
    <Filter Include="Math">
      <UniqueIdentifier>{3abe1228-6029-420c-86fd-22e70d7a794b}</UniqueIdentifier>
    </Filter>
    <Filter Include="Graphics">
      <UniqueIdentifier>{8924d34a-f8c3-4d2b-a92d-713e06ca542c}</UniqueIdentifier>
    </Filter>
    <Filter Include="Core">
      <UniqueIdentifier>{a5224aea-b2c3-490f-9abd-6c1781167025}</UniqueIdentifier>
    </Filter>
  </ItemGroup>
  <ItemGroup>
    <ClCompile Include="Source\Debug\debug_new.cpp">
      <Filter>Debug</Filter>
    </ClCompile>
    <ClCompile Include="Source\Core\GameEngine.cpp">
      <Filter>Core</Filter>
    </ClCompile>
    <ClCompile Include="Source\Core\GameInstance.cpp">
      <Filter>Core</Filter>
    </ClCompile>
    <ClCompile Include="Source\Graphics\Shader.cpp">
      <Filter>Graphics</Filter>
    </ClCompile>
    <ClCompile Include="Source\Graphics\Texture.cpp">
      <Filter>Graphics</Filter>
    </ClCompile>
    <ClCompile Include="Source\Graphics\Viewport.cpp">
      <Filter>Graphics</Filter>
    </ClCompile>
    <ClCompile Include="Source\GameObject.cpp" />
    <ClCompile Include="Source\Input.cpp" />
    <ClCompile Include="Source\Level.cpp" />
    <ClCompile Include="Source\PlayerController.cpp" />
    <ClCompile Include="Source\Component\BoxCollider.cpp">
      <Filter>Component</Filter>
    </ClCompile>
    <ClCompile Include="Source\Component\Component.cpp">
      <Filter>Component</Filter>
    </ClCompile>
    <ClCompile Include="Source\Component\ComponentCollider.cpp">
      <Filter>Component</Filter>
    </ClCompile>
    <ClCompile Include="Source\Component\InputComponent.cpp">
      <Filter>Component</Filter>
    </ClCompile>
    <ClCompile Include="Source\Component\SpriteRenderer.cpp">
      <Filter>Component</Filter>
    </ClCompile>
    <ClCompile Include="Source\Graphics\Graphics.cpp">
      <Filter>Graphics</Filter>
    </ClCompile>
    <ClCompile Include="Source\Camera.cpp" />
    <ClCompile Include="Source\Core\Vector2.cpp">
      <Filter>Core</Filter>
    </ClCompile>
  </ItemGroup>
  <ItemGroup>
    <ClInclude Include="Source\Debug\debug_new.h">
      <Filter>Debug</Filter>
    </ClInclude>
    <ClInclude Include="Source\Debug\_nvwa.h">
      <Filter>Debug</Filter>
    </ClInclude>
    <ClInclude Include="Source\Debug\c++11.h">
      <Filter>Debug</Filter>
    </ClInclude>
    <ClInclude Include="Source\Debug\fast_mutex.h">
      <Filter>Debug</Filter>
    </ClInclude>
    <ClInclude Include="Source\Math\BMath.h">
      <Filter>Math</Filter>
    </ClInclude>
    <ClInclude Include="Source\Component\BoxCollider.h">
      <Filter>Component</Filter>
    </ClInclude>
    <ClInclude Include="Source\Component\Component.h">
      <Filter>Component</Filter>
    </ClInclude>
    <ClInclude Include="Source\Component\ComponentCollider.h">
      <Filter>Component</Filter>
    </ClInclude>
    <ClInclude Include="Source\Component\IComponentRenderer.h">
      <Filter>Component</Filter>
    </ClInclude>
    <ClInclude Include="Source\Component\InputComponent.h">
      <Filter>Component</Filter>
    </ClInclude>
    <ClInclude Include="Source\Component\SpriteRenderer.h">
      <Filter>Component</Filter>
    </ClInclude>
    <ClInclude Include="Source\Debug\Debug.h">
      <Filter>Debug</Filter>
    </ClInclude>
    <ClInclude Include="Source\Core\Delegate.h">
      <Filter>Core</Filter>
    </ClInclude>
    <ClInclude Include="Source\Core\GameEngine.h">
      <Filter>Core</Filter>
    </ClInclude>
    <ClInclude Include="Source\Core\GameInstance.h">
      <Filter>Core</Filter>
    </ClInclude>
    <ClInclude Include="Source\Graphics\Graphics.h">
      <Filter>Graphics</Filter>
    </ClInclude>
    <ClInclude Include="Source\Graphics\Shader.h">
      <Filter>Graphics</Filter>
    </ClInclude>
    <ClInclude Include="Source\Graphics\Texture.h">
      <Filter>Graphics</Filter>
    </ClInclude>
    <ClInclude Include="Source\Graphics\Viewport.h">
      <Filter>Graphics</Filter>
    </ClInclude>
    <ClInclude Include="Source\GameObject.h" />
    <ClInclude Include="Source\Input.h" />
    <ClInclude Include="Source\Level.h" />
    <ClInclude Include="Source\PlayerController.h" />
    <ClInclude Include="Source\Camera.h" />
    <ClInclude Include="Source\Core\Vector2.h">
      <Filter>Core</Filter>
    </ClInclude>
    <ClInclude Include="Source\Core\Core.h">
      <Filter>Core</Filter>
    </ClInclude>
    <ClInclude Include="Source\Core\BasicTypes.h">
      <Filter>Core</Filter>
    </ClInclude>
  </ItemGroup>
</Project>